
Microsoft Visual Studio Solution File, Format Version 12.00
# Visual Studio 2012
Project("{FAE04EC0-301F-11D3-BF4B-00C04F79EFBC}") = "Zynx.RecipeCalc", "Zynx.RecipeCalc\Zynx.RecipeCalc.csproj", "{B695CEA7-2FAC-4529-BA49-A647F7FB8BBE}"
EndProject
Project("{FAE04EC0-301F-11D3-BF4B-00C04F79EFBC}") = "Zynx.RecipeCalc.Tests", "Zynx.RecipeCalc.Tests\Zynx.RecipeCalc.Tests.csproj", "{932F4147-3EF9-4E56-9977-C97B902DF8C8}"
EndProject
Project("{FAE04EC0-301F-11D3-BF4B-00C04F79EFBC}") = "Zynx.RecipeCalc.Domain", "Zynx.RecipeCalc.Domain\Zynx.RecipeCalc.Domain.csproj", "{9ACF4428-524F-4705-8D5A-B1D6ED9064B9}"
EndProject
Global
	GlobalSection(SolutionConfigurationPlatforms) = preSolution
		Debug|Any CPU = Debug|Any CPU
		Release|Any CPU = Release|Any CPU
	EndGlobalSection
	GlobalSection(ProjectConfigurationPlatforms) = postSolution
		{B695CEA7-2FAC-4529-BA49-A647F7FB8BBE}.Debug|Any CPU.ActiveCfg = Debug|Any CPU
		{B695CEA7-2FAC-4529-BA49-A647F7FB8BBE}.Debug|Any CPU.Build.0 = Debug|Any CPU
		{B695CEA7-2FAC-4529-BA49-A647F7FB8BBE}.Release|Any CPU.ActiveCfg = Release|Any CPU
		{B695CEA7-2FAC-4529-BA49-A647F7FB8BBE}.Release|Any CPU.Build.0 = Release|Any CPU
		{932F4147-3EF9-4E56-9977-C97B902DF8C8}.Debug|Any CPU.ActiveCfg = Debug|Any CPU
		{932F4147-3EF9-4E56-9977-C97B902DF8C8}.Debug|Any CPU.Build.0 = Debug|Any CPU
		{932F4147-3EF9-4E56-9977-C97B902DF8C8}.Release|Any CPU.ActiveCfg = Release|Any CPU
		{932F4147-3EF9-4E56-9977-C97B902DF8C8}.Release|Any CPU.Build.0 = Release|Any CPU
		{9ACF4428-524F-4705-8D5A-B1D6ED9064B9}.Debug|Any CPU.ActiveCfg = Debug|Any CPU
		{9ACF4428-524F-4705-8D5A-B1D6ED9064B9}.Debug|Any CPU.Build.0 = Debug|Any CPU
		{9ACF4428-524F-4705-8D5A-B1D6ED9064B9}.Release|Any CPU.ActiveCfg = Release|Any CPU
		{9ACF4428-524F-4705-8D5A-B1D6ED9064B9}.Release|Any CPU.Build.0 = Release|Any CPU
	EndGlobalSection
	GlobalSection(SolutionProperties) = preSolution
		HideSolutionNode = FALSE
	EndGlobalSection
EndGlobal
